
Microsoft Visual Studio Solution File, Format Version 12.00
# Visual Studio Version 16
VisualStudioVersion = 16.0.29926.136
MinimumVisualStudioVersion = 10.0.40219.1
Project("{9A19103F-16F7-4668-BE54-9A1E7A4F7556}") = "LambdaSonarCloudIntegrationTest1", "LambdaSonarCloudIntegrationTest1\LambdaSonarCloudIntegrationTest1.csproj", "{203EE964-0E65-4189-BA08-7AFAFDDE5560}"
EndProject
Project("{9A19103F-16F7-4668-BE54-9A1E7A4F7556}") = "LambdaSonarCloudIntegrationTest1.Tests", "LambdaSonarCloudIntegrationTest1.Tests\LambdaSonarCloudIntegrationTest1.Tests.csproj", "{3A6E27A5-0DCE-4F06-B2C7-D1D1A5BA1853}"
EndProject
Global
	GlobalSection(SolutionConfigurationPlatforms) = preSolution
		Debug|Any CPU = Debug|Any CPU
		Release|Any CPU = Release|Any CPU
	EndGlobalSection
	GlobalSection(ProjectConfigurationPlatforms) = postSolution
		{203EE964-0E65-4189-BA08-7AFAFDDE5560}.Debug|Any CPU.ActiveCfg = Debug|Any CPU
		{203EE964-0E65-4189-BA08-7AFAFDDE5560}.Debug|Any CPU.Build.0 = Debug|Any CPU
		{203EE964-0E65-4189-BA08-7AFAFDDE5560}.Release|Any CPU.ActiveCfg = Release|Any CPU
		{203EE964-0E65-4189-BA08-7AFAFDDE5560}.Release|Any CPU.Build.0 = Release|Any CPU
		{3A6E27A5-0DCE-4F06-B2C7-D1D1A5BA1853}.Debug|Any CPU.ActiveCfg = Debug|Any CPU
		{3A6E27A5-0DCE-4F06-B2C7-D1D1A5BA1853}.Debug|Any CPU.Build.0 = Debug|Any CPU
		{3A6E27A5-0DCE-4F06-B2C7-D1D1A5BA1853}.Release|Any CPU.ActiveCfg = Release|Any CPU
		{3A6E27A5-0DCE-4F06-B2C7-D1D1A5BA1853}.Release|Any CPU.Build.0 = Release|Any CPU
	EndGlobalSection
	GlobalSection(SolutionProperties) = preSolution
		HideSolutionNode = FALSE
	EndGlobalSection
	GlobalSection(ExtensibilityGlobals) = postSolution
		SolutionGuid = {2AA31789-D37C-4D26-AF75-B9CC984EAECD}
	EndGlobalSection
EndGlobal
